
Microsoft Visual Studio Solution File, Format Version 12.00
# Visual Studio Version 17
VisualStudioVersion = 17.7.34018.315
MinimumVisualStudioVersion = 10.0.40219.1
Project("{9A19103F-16F7-4668-BE54-9A1E7A4F7556}") = "DBC01", "DBC01.csproj", "{D8C158EC-8FC6-48A0-BF78-494140197276}"
EndProject
Project("{54435603-DBB4-11D2-8724-00A0C9A8B90C}") = "ClDentAnnSetup", "..\ClDentAnnSetup\ClDentAnnSetup.vdproj", "{126D3B8E-5433-4238-BB04-8C409549EC9C}"
EndProject
Global
	GlobalSection(SolutionConfigurationPlatforms) = preSolution
		Debug|Any CPU = Debug|Any CPU
		Debug|x64 = Debug|x64
		Release|Any CPU = Release|Any CPU
		Release|x64 = Release|x64
	EndGlobalSection
	GlobalSection(ProjectConfigurationPlatforms) = postSolution
		{D8C158EC-8FC6-48A0-BF78-494140197276}.Debug|Any CPU.ActiveCfg = Debug|Any CPU
		{D8C158EC-8FC6-48A0-BF78-494140197276}.Debug|Any CPU.Build.0 = Debug|Any CPU
		{D8C158EC-8FC6-48A0-BF78-494140197276}.Debug|x64.ActiveCfg = Debug|x64
		{D8C158EC-8FC6-48A0-BF78-494140197276}.Debug|x64.Build.0 = Debug|x64
		{D8C158EC-8FC6-48A0-BF78-494140197276}.Release|Any CPU.ActiveCfg = Release|Any CPU
		{D8C158EC-8FC6-48A0-BF78-494140197276}.Release|Any CPU.Build.0 = Release|Any CPU
		{D8C158EC-8FC6-48A0-BF78-494140197276}.Release|x64.ActiveCfg = Release|x64
		{D8C158EC-8FC6-48A0-BF78-494140197276}.Release|x64.Build.0 = Release|x64
		{126D3B8E-5433-4238-BB04-8C409549EC9C}.Debug|Any CPU.ActiveCfg = Debug
		{126D3B8E-5433-4238-BB04-8C409549EC9C}.Debug|x64.ActiveCfg = Debug
		{126D3B8E-5433-4238-BB04-8C409549EC9C}.Release|Any CPU.ActiveCfg = Release
		{126D3B8E-5433-4238-BB04-8C409549EC9C}.Release|x64.ActiveCfg = Release
	EndGlobalSection
	GlobalSection(SolutionProperties) = preSolution
		HideSolutionNode = FALSE
	EndGlobalSection
	GlobalSection(ExtensibilityGlobals) = postSolution
		SolutionGuid = {0450378A-5748-4935-B803-CB4C908C29B0}
	EndGlobalSection
EndGlobal
